
Microsoft Visual Studio Solution File, Format Version 12.00
# Visual Studio Version 17
VisualStudioVersion = 17.5.2.0
MinimumVisualStudioVersion = 10.0.40219.1
Project("{FAE04EC0-301F-11D3-BF4B-00C04F79EFBC}") = "MdcHR26Apps.Models", "MdcHR26Apps.Models\MdcHR26Apps.Models.csproj", "{E01DC2ED-731C-27E8-AA42-9E254D578D15}"
EndProject
Project("{FAE04EC0-301F-11D3-BF4B-00C04F79EFBC}") = "MdcHR26Apps.BlazorServer", "MdcHR26Apps.BlazorServer\MdcHR26Apps.BlazorServer.csproj", "{6DC84C38-9B1F-40F3-AE8E-CE20A341745C}"
EndProject
Global
	GlobalSection(SolutionConfigurationPlatforms) = preSolution
		Debug|Any CPU = Debug|Any CPU
		Debug|x64 = Debug|x64
		Debug|x86 = Debug|x86
		Release|Any CPU = Release|Any CPU
		Release|x64 = Release|x64
		Release|x86 = Release|x86
	EndGlobalSection
	GlobalSection(ProjectConfigurationPlatforms) = postSolution
		{E01DC2ED-731C-27E8-AA42-9E254D578D15}.Debug|Any CPU.ActiveCfg = Debug|Any CPU
		{E01DC2ED-731C-27E8-AA42-9E254D578D15}.Debug|Any CPU.Build.0 = Debug|Any CPU
		{E01DC2ED-731C-27E8-AA42-9E254D578D15}.Debug|x64.ActiveCfg = Debug|Any CPU
		{E01DC2ED-731C-27E8-AA42-9E254D578D15}.Debug|x64.Build.0 = Debug|Any CPU
		{E01DC2ED-731C-27E8-AA42-9E254D578D15}.Debug|x86.ActiveCfg = Debug|Any CPU
		{E01DC2ED-731C-27E8-AA42-9E254D578D15}.Debug|x86.Build.0 = Debug|Any CPU
		{E01DC2ED-731C-27E8-AA42-9E254D578D15}.Release|Any CPU.ActiveCfg = Release|Any CPU
		{E01DC2ED-731C-27E8-AA42-9E254D578D15}.Release|Any CPU.Build.0 = Release|Any CPU
		{E01DC2ED-731C-27E8-AA42-9E254D578D15}.Release|x64.ActiveCfg = Release|Any CPU
		{E01DC2ED-731C-27E8-AA42-9E254D578D15}.Release|x64.Build.0 = Release|Any CPU
		{E01DC2ED-731C-27E8-AA42-9E254D578D15}.Release|x86.ActiveCfg = Release|Any CPU
		{E01DC2ED-731C-27E8-AA42-9E254D578D15}.Release|x86.Build.0 = Release|Any CPU
		{6DC84C38-9B1F-40F3-AE8E-CE20A341745C}.Debug|Any CPU.ActiveCfg = Debug|Any CPU
		{6DC84C38-9B1F-40F3-AE8E-CE20A341745C}.Debug|Any CPU.Build.0 = Debug|Any CPU
		{6DC84C38-9B1F-40F3-AE8E-CE20A341745C}.Debug|x64.ActiveCfg = Debug|Any CPU
		{6DC84C38-9B1F-40F3-AE8E-CE20A341745C}.Debug|x64.Build.0 = Debug|Any CPU
		{6DC84C38-9B1F-40F3-AE8E-CE20A341745C}.Debug|x86.ActiveCfg = Debug|Any CPU
		{6DC84C38-9B1F-40F3-AE8E-CE20A341745C}.Debug|x86.Build.0 = Debug|Any CPU
		{6DC84C38-9B1F-40F3-AE8E-CE20A341745C}.Release|Any CPU.ActiveCfg = Release|Any CPU
		{6DC84C38-9B1F-40F3-AE8E-CE20A341745C}.Release|Any CPU.Build.0 = Release|Any CPU
		{6DC84C38-9B1F-40F3-AE8E-CE20A341745C}.Release|x64.ActiveCfg = Release|Any CPU
		{6DC84C38-9B1F-40F3-AE8E-CE20A341745C}.Release|x64.Build.0 = Release|Any CPU
		{6DC84C38-9B1F-40F3-AE8E-CE20A341745C}.Release|x86.ActiveCfg = Release|Any CPU
		{6DC84C38-9B1F-40F3-AE8E-CE20A341745C}.Release|x86.Build.0 = Release|Any CPU
	EndGlobalSection
	GlobalSection(SolutionProperties) = preSolution
		HideSolutionNode = FALSE
	EndGlobalSection
	GlobalSection(ExtensibilityGlobals) = postSolution
		SolutionGuid = {828308E1-42CF-442C-966F-CFB503F67F3C}
	EndGlobalSection
EndGlobal
